
Microsoft Visual Studio Solution File, Format Version 12.00
# Visual Studio Version 17
VisualStudioVersion = 17.2.32526.322
MinimumVisualStudioVersion = 10.0.40219.1
Project("{54A90642-561A-4BB1-A94E-469ADEE60C69}") = "Experimentation", "Experimentation.esproj", "{45CE64A8-6BC8-4C64-8C73-65E23B03946A}"
EndProject
Project("{9A19103F-16F7-4668-BE54-9A1E7A4F7556}") = "TSBackend", "..\..\..\..\..\..\source\repos\TSBackend\TSBackend.csproj", "{6289939E-35F3-40D3-B671-8266F59113EA}"
EndProject
Global
	GlobalSection(SolutionConfigurationPlatforms) = preSolution
		Debug|Any CPU = Debug|Any CPU
		Release|Any CPU = Release|Any CPU
	EndGlobalSection
	GlobalSection(ProjectConfigurationPlatforms) = postSolution
		{45CE64A8-6BC8-4C64-8C73-65E23B03946A}.Debug|Any CPU.ActiveCfg = Debug|Any CPU
		{45CE64A8-6BC8-4C64-8C73-65E23B03946A}.Debug|Any CPU.Build.0 = Debug|Any CPU
		{45CE64A8-6BC8-4C64-8C73-65E23B03946A}.Debug|Any CPU.Deploy.0 = Debug|Any CPU
		{45CE64A8-6BC8-4C64-8C73-65E23B03946A}.Release|Any CPU.ActiveCfg = Release|Any CPU
		{45CE64A8-6BC8-4C64-8C73-65E23B03946A}.Release|Any CPU.Build.0 = Release|Any CPU
		{45CE64A8-6BC8-4C64-8C73-65E23B03946A}.Release|Any CPU.Deploy.0 = Release|Any CPU
		{6289939E-35F3-40D3-B671-8266F59113EA}.Debug|Any CPU.ActiveCfg = Debug|Any CPU
		{6289939E-35F3-40D3-B671-8266F59113EA}.Debug|Any CPU.Build.0 = Debug|Any CPU
		{6289939E-35F3-40D3-B671-8266F59113EA}.Release|Any CPU.ActiveCfg = Release|Any CPU
		{6289939E-35F3-40D3-B671-8266F59113EA}.Release|Any CPU.Build.0 = Release|Any CPU
	EndGlobalSection
	GlobalSection(SolutionProperties) = preSolution
		HideSolutionNode = FALSE
	EndGlobalSection
	GlobalSection(ExtensibilityGlobals) = postSolution
		SolutionGuid = {654E2F78-136B-4396-9ED4-9C80803CC89E}
	EndGlobalSection
EndGlobal
